PODS:
  - Alamofire (5.10.2)
  - SnapKit (5.7.1)
  - SwiftLint (0.59.1)

DEPENDENCIES:
  - Alamofire (= 5.10.2)
  - SnapKit (= 5.7.1)
  - SwiftLint (= 0.59.1)

SPEC REPOS:
  https://github.com/CocoaPods/Specs.git:
    - Alamofire
    - SnapKit
  trunk:
    - SwiftLint

SPEC CHECKSUMS:
  Alamofire: 7193b3b92c74a07f85569e1a6c4f4237291e7496
  SnapKit: d612e99e678a2d3b95bf60b0705ed0a35c03484a
  SwiftLint: 3d48e2fb2a3468fdaccf049e5e755df22fb40c2c

PODFILE CHECKSUM: 02bd72125be5632eeada224ee874924408ec4c9d

COCOAPODS: 1.16.2
